
Microsoft Visual Studio Solution File, Format Version 12.00
# Visual Studio 14
VisualStudioVersion = 14.0.24720.0
MinimumVisualStudioVersion = 10.0.40219.1
Project("{FAE04EC0-301F-11D3-BF4B-00C04F79EFBC}") = "Dashboard", "Dashboard\Dashboard.csproj", "{2F425B2A-09F9-4E00-BD64-B3BA7E60D977}"
EndProject
Project("{FAE04EC0-301F-11D3-BF4B-00C04F79EFBC}") = "TrainingSetBuilder", "TrainingSetBuilder\TrainingSetBuilder.csproj", "{491E291A-47A1-43C9-956C-626AF8F1D84E}"
EndProject
Project("{F088123C-0E9E-452A-89E6-6BA2F21D5CAC}") = "ProjectModel", "ProjectModel\ProjectModel.modelproj", "{DDCB2B29-B9BA-4C41-92B3-E1FDC7C2B6E3}"
EndProject
Global
	GlobalSection(SolutionConfigurationPlatforms) = preSolution
		Debug|Any CPU = Debug|Any CPU
		Release|Any CPU = Release|Any CPU
	EndGlobalSection
	GlobalSection(ProjectConfigurationPlatforms) = postSolution
		{2F425B2A-09F9-4E00-BD64-B3BA7E60D977}.Debug|Any CPU.ActiveCfg = Debug|Any CPU
		{2F425B2A-09F9-4E00-BD64-B3BA7E60D977}.Debug|Any CPU.Build.0 = Debug|Any CPU
		{2F425B2A-09F9-4E00-BD64-B3BA7E60D977}.Release|Any CPU.ActiveCfg = Release|Any CPU
		{2F425B2A-09F9-4E00-BD64-B3BA7E60D977}.Release|Any CPU.Build.0 = Release|Any CPU
		{491E291A-47A1-43C9-956C-626AF8F1D84E}.Debug|Any CPU.ActiveCfg = Debug|Any CPU
		{491E291A-47A1-43C9-956C-626AF8F1D84E}.Debug|Any CPU.Build.0 = Debug|Any CPU
		{491E291A-47A1-43C9-956C-626AF8F1D84E}.Release|Any CPU.ActiveCfg = Release|Any CPU
		{491E291A-47A1-43C9-956C-626AF8F1D84E}.Release|Any CPU.Build.0 = Release|Any CPU
		{DDCB2B29-B9BA-4C41-92B3-E1FDC7C2B6E3}.Debug|Any CPU.ActiveCfg = Debug|Any CPU
		{DDCB2B29-B9BA-4C41-92B3-E1FDC7C2B6E3}.Debug|Any CPU.Build.0 = Debug|Any CPU
		{DDCB2B29-B9BA-4C41-92B3-E1FDC7C2B6E3}.Release|Any CPU.ActiveCfg = Release|Any CPU
		{DDCB2B29-B9BA-4C41-92B3-E1FDC7C2B6E3}.Release|Any CPU.Build.0 = Release|Any CPU
	EndGlobalSection
	GlobalSection(SolutionProperties) = preSolution
		HideSolutionNode = FALSE
	EndGlobalSection
	GlobalSection(ExtensibilityGlobals) = postSolution
		SolutionGuid = {E3031C30-2267-4770-809B-DBD1FBBDADDF}
	EndGlobalSection
EndGlobal
